
Microsoft Visual Studio Solution File, Format Version 12.00
# Visual Studio 15
Project("{FAE04EC0-301F-11D3-BF4B-00C04F79EFBC}") = "PhotonUnityNetworking.Utilities", "PhotonUnityNetworking.Utilities.csproj", "{E4AA1F78-DE12-166B-4ABE-8318BDD053DF}"
EndProject
Project("{FAE04EC0-301F-11D3-BF4B-00C04F79EFBC}") = "Assembly-CSharp", "Assembly-CSharp.csproj", "{BE72E923-F2C3-7482-102A-49EFF97A668D}"
EndProject
Project("{FAE04EC0-301F-11D3-BF4B-00C04F79EFBC}") = "PhotonUnityNetworking.Demos", "PhotonUnityNetworking.Demos.csproj", "{37C38A9F-C191-2C4F-0F89-F65F6C885F6F}"
EndProject
Project("{FAE04EC0-301F-11D3-BF4B-00C04F79EFBC}") = "PhotonUnityNetworking", "PhotonUnityNetworking.csproj", "{5B004E2A-CBD1-9C72-1256-2B388FD54C06}"
EndProject
Project("{FAE04EC0-301F-11D3-BF4B-00C04F79EFBC}") = "PhotonChat", "PhotonChat.csproj", "{35B79A39-E7BC-B2AC-5922-DE18D2422F42}"
EndProject
Project("{FAE04EC0-301F-11D3-BF4B-00C04F79EFBC}") = "PhotonRealtime", "PhotonRealtime.csproj", "{0BFCC5D9-BB51-A314-B254-D2307E8AEAC4}"
EndProject
Project("{FAE04EC0-301F-11D3-BF4B-00C04F79EFBC}") = "Assembly-CSharp-firstpass", "Assembly-CSharp-firstpass.csproj", "{5A4A27F7-0CD0-0854-A565-5A2966EDBB51}"
EndProject
Project("{FAE04EC0-301F-11D3-BF4B-00C04F79EFBC}") = "PhotonUnityNetworking.Editor", "PhotonUnityNetworking.Editor.csproj", "{A04573E3-23BE-F9C7-DFFF-69AE03B874F2}"
EndProject
Project("{FAE04EC0-301F-11D3-BF4B-00C04F79EFBC}") = "Assembly-CSharp-Editor", "Assembly-CSharp-Editor.csproj", "{93E3002B-955E-9FAB-9037-D626F1B203B8}"
EndProject
Project("{FAE04EC0-301F-11D3-BF4B-00C04F79EFBC}") = "PhotonUnityNetworking.Utilities.PhotonPlayer.Editor", "PhotonUnityNetworking.Utilities.PhotonPlayer.Editor.csproj", "{469A5C67-E794-1DE6-8006-FE589333145F}"
EndProject
Project("{FAE04EC0-301F-11D3-BF4B-00C04F79EFBC}") = "PunDemos.DemoSlotcarEditor", "PunDemos.DemoSlotcarEditor.csproj", "{CDD14029-4ED7-8479-CCEC-B7F5F46C7E2E}"
EndProject
Project("{FAE04EC0-301F-11D3-BF4B-00C04F79EFBC}") = "PhotonUnityNetworking.Utilities.Culling.Editor", "PhotonUnityNetworking.Utilities.Culling.Editor.csproj", "{B932F8CA-3F61-900B-AC34-F6BFB3A94363}"
EndProject
Project("{FAE04EC0-301F-11D3-BF4B-00C04F79EFBC}") = "PunDemos.DemoHubEditor", "PunDemos.DemoHubEditor.csproj", "{72B071CD-4D66-C7C3-DC35-274FCF182C53}"
EndProject
Global
	GlobalSection(SolutionConfigurationPlatforms) = preSolution
		Debug|Any CPU = Debug|Any CPU
		Release|Any CPU = Release|Any CPU
	EndGlobalSection
	GlobalSection(ProjectConfigurationPlatforms) = postSolution
		{E4AA1F78-DE12-166B-4ABE-8318BDD053DF}.Debug|Any CPU.ActiveCfg = Debug|Any CPU
		{E4AA1F78-DE12-166B-4ABE-8318BDD053DF}.Debug|Any CPU.Build.0 = Debug|Any CPU
		{E4AA1F78-DE12-166B-4ABE-8318BDD053DF}.Release|Any CPU.ActiveCfg = Release|Any CPU
		{E4AA1F78-DE12-166B-4ABE-8318BDD053DF}.Release|Any CPU.Build.0 = Release|Any CPU
		{BE72E923-F2C3-7482-102A-49EFF97A668D}.Debug|Any CPU.ActiveCfg = Debug|Any CPU
		{BE72E923-F2C3-7482-102A-49EFF97A668D}.Debug|Any CPU.Build.0 = Debug|Any CPU
		{BE72E923-F2C3-7482-102A-49EFF97A668D}.Release|Any CPU.ActiveCfg = Release|Any CPU
		{BE72E923-F2C3-7482-102A-49EFF97A668D}.Release|Any CPU.Build.0 = Release|Any CPU
		{37C38A9F-C191-2C4F-0F89-F65F6C885F6F}.Debug|Any CPU.ActiveCfg = Debug|Any CPU
		{37C38A9F-C191-2C4F-0F89-F65F6C885F6F}.Debug|Any CPU.Build.0 = Debug|Any CPU
		{37C38A9F-C191-2C4F-0F89-F65F6C885F6F}.Release|Any CPU.ActiveCfg = Release|Any CPU
		{37C38A9F-C191-2C4F-0F89-F65F6C885F6F}.Release|Any CPU.Build.0 = Release|Any CPU
		{5B004E2A-CBD1-9C72-1256-2B388FD54C06}.Debug|Any CPU.ActiveCfg = Debug|Any CPU
		{5B004E2A-CBD1-9C72-1256-2B388FD54C06}.Debug|Any CPU.Build.0 = Debug|Any CPU
		{5B004E2A-CBD1-9C72-1256-2B388FD54C06}.Release|Any CPU.ActiveCfg = Release|Any CPU
		{5B004E2A-CBD1-9C72-1256-2B388FD54C06}.Release|Any CPU.Build.0 = Release|Any CPU
		{35B79A39-E7BC-B2AC-5922-DE18D2422F42}.Debug|Any CPU.ActiveCfg = Debug|Any CPU
		{35B79A39-E7BC-B2AC-5922-DE18D2422F42}.Debug|Any CPU.Build.0 = Debug|Any CPU
		{35B79A39-E7BC-B2AC-5922-DE18D2422F42}.Release|Any CPU.ActiveCfg = Release|Any CPU
		{35B79A39-E7BC-B2AC-5922-DE18D2422F42}.Release|Any CPU.Build.0 = Release|Any CPU
		{0BFCC5D9-BB51-A314-B254-D2307E8AEAC4}.Debug|Any CPU.ActiveCfg = Debug|Any CPU
		{0BFCC5D9-BB51-A314-B254-D2307E8AEAC4}.Debug|Any CPU.Build.0 = Debug|Any CPU
		{0BFCC5D9-BB51-A314-B254-D2307E8AEAC4}.Release|Any CPU.ActiveCfg = Release|Any CPU
		{0BFCC5D9-BB51-A314-B254-D2307E8AEAC4}.Release|Any CPU.Build.0 = Release|Any CPU
		{5A4A27F7-0CD0-0854-A565-5A2966EDBB51}.Debug|Any CPU.ActiveCfg = Debug|Any CPU
		{5A4A27F7-0CD0-0854-A565-5A2966EDBB51}.Debug|Any CPU.Build.0 = Debug|Any CPU
		{5A4A27F7-0CD0-0854-A565-5A2966EDBB51}.Release|Any CPU.ActiveCfg = Release|Any CPU
		{5A4A27F7-0CD0-0854-A565-5A2966EDBB51}.Release|Any CPU.Build.0 = Release|Any CPU
		{A04573E3-23BE-F9C7-DFFF-69AE03B874F2}.Debug|Any CPU.ActiveCfg = Debug|Any CPU
		{A04573E3-23BE-F9C7-DFFF-69AE03B874F2}.Debug|Any CPU.Build.0 = Debug|Any CPU
		{A04573E3-23BE-F9C7-DFFF-69AE03B874F2}.Release|Any CPU.ActiveCfg = Release|Any CPU
		{A04573E3-23BE-F9C7-DFFF-69AE03B874F2}.Release|Any CPU.Build.0 = Release|Any CPU
		{93E3002B-955E-9FAB-9037-D626F1B203B8}.Debug|Any CPU.ActiveCfg = Debug|Any CPU
		{93E3002B-955E-9FAB-9037-D626F1B203B8}.Debug|Any CPU.Build.0 = Debug|Any CPU
		{93E3002B-955E-9FAB-9037-D626F1B203B8}.Release|Any CPU.ActiveCfg = Release|Any CPU
		{93E3002B-955E-9FAB-9037-D626F1B203B8}.Release|Any CPU.Build.0 = Release|Any CPU
		{469A5C67-E794-1DE6-8006-FE589333145F}.Debug|Any CPU.ActiveCfg = Debug|Any CPU
		{469A5C67-E794-1DE6-8006-FE589333145F}.Debug|Any CPU.Build.0 = Debug|Any CPU
		{469A5C67-E794-1DE6-8006-FE589333145F}.Release|Any CPU.ActiveCfg = Release|Any CPU
		{469A5C67-E794-1DE6-8006-FE589333145F}.Release|Any CPU.Build.0 = Release|Any CPU
		{CDD14029-4ED7-8479-CCEC-B7F5F46C7E2E}.Debug|Any CPU.ActiveCfg = Debug|Any CPU
		{CDD14029-4ED7-8479-CCEC-B7F5F46C7E2E}.Debug|Any CPU.Build.0 = Debug|Any CPU
		{CDD14029-4ED7-8479-CCEC-B7F5F46C7E2E}.Release|Any CPU.ActiveCfg = Release|Any CPU
		{CDD14029-4ED7-8479-CCEC-B7F5F46C7E2E}.Release|Any CPU.Build.0 = Release|Any CPU
		{B932F8CA-3F61-900B-AC34-F6BFB3A94363}.Debug|Any CPU.ActiveCfg = Debug|Any CPU
		{B932F8CA-3F61-900B-AC34-F6BFB3A94363}.Debug|Any CPU.Build.0 = Debug|Any CPU
		{B932F8CA-3F61-900B-AC34-F6BFB3A94363}.Release|Any CPU.ActiveCfg = Release|Any CPU
		{B932F8CA-3F61-900B-AC34-F6BFB3A94363}.Release|Any CPU.Build.0 = Release|Any CPU
		{72B071CD-4D66-C7C3-DC35-274FCF182C53}.Debug|Any CPU.ActiveCfg = Debug|Any CPU
		{72B071CD-4D66-C7C3-DC35-274FCF182C53}.Debug|Any CPU.Build.0 = Debug|Any CPU
		{72B071CD-4D66-C7C3-DC35-274FCF182C53}.Release|Any CPU.ActiveCfg = Release|Any CPU
		{72B071CD-4D66-C7C3-DC35-274FCF182C53}.Release|Any CPU.Build.0 = Release|Any CPU
	EndGlobalSection
	GlobalSection(SolutionProperties) = preSolution
		HideSolutionNode = FALSE
	EndGlobalSection
EndGlobal
